
Microsoft Visual Studio Solution File, Format Version 12.00
# Visual Studio 15
VisualStudioVersion = 15.0.27428.2011
MinimumVisualStudioVersion = 10.0.40219.1
Project("{FAE04EC0-301F-11D3-BF4B-00C04F79EFBC}") = "MyCalculator", "MyCalculator\MyCalculator.csproj", "{5A13F113-A112-4E7E-B0DC-352427CE923A}"
EndProject
Global
	GlobalSection(SolutionConfigurationPlatforms) = preSolution
		Debug|Any CPU = Debug|Any CPU
		Release|Any CPU = Release|Any CPU
	EndGlobalSection
	GlobalSection(ProjectConfigurationPlatforms) = postSolution
		{5A13F113-A112-4E7E-B0DC-352427CE923A}.Debug|Any CPU.ActiveCfg = Debug|Any CPU
		{5A13F113-A112-4E7E-B0DC-352427CE923A}.Debug|Any CPU.Build.0 = Debug|Any CPU
		{5A13F113-A112-4E7E-B0DC-352427CE923A}.Release|Any CPU.ActiveCfg = Release|Any CPU
		{5A13F113-A112-4E7E-B0DC-352427CE923A}.Release|Any CPU.Build.0 = Release|Any CPU
	EndGlobalSection
	GlobalSection(SolutionProperties) = preSolution
		HideSolutionNode = FALSE
	EndGlobalSection
	GlobalSection(ExtensibilityGlobals) = postSolution
		SolutionGuid = {10160477-799A-43D9-9C9E-5C0D09119199}
	EndGlobalSection
EndGlobal
